
Microsoft Visual Studio Solution File, Format Version 12.00
# Visual Studio Version 17
VisualStudioVersion = 17.14.36603.0 d17.14
MinimumVisualStudioVersion = 10.0.40219.1
Project("{FAE04EC0-301F-11D3-BF4B-00C04F79EFBC}") = "MinimalApiApp2", "MinimalApiApp2.csproj", "{4BC621F3-5CFD-4039-8FBB-7F87FA4F9C87}"
EndProject
Global
	GlobalSection(SolutionConfigurationPlatforms) = preSolution
		Debug|Any CPU = Debug|Any CPU
		Release|Any CPU = Release|Any CPU
	EndGlobalSection
	GlobalSection(ProjectConfigurationPlatforms) = postSolution
		{4BC621F3-5CFD-4039-8FBB-7F87FA4F9C87}.Debug|Any CPU.ActiveCfg = Debug|Any CPU
		{4BC621F3-5CFD-4039-8FBB-7F87FA4F9C87}.Debug|Any CPU.Build.0 = Debug|Any CPU
		{4BC621F3-5CFD-4039-8FBB-7F87FA4F9C87}.Release|Any CPU.ActiveCfg = Release|Any CPU
		{4BC621F3-5CFD-4039-8FBB-7F87FA4F9C87}.Release|Any CPU.Build.0 = Release|Any CPU
	EndGlobalSection
	GlobalSection(SolutionProperties) = preSolution
		HideSolutionNode = FALSE
	EndGlobalSection
	GlobalSection(ExtensibilityGlobals) = postSolution
		SolutionGuid = {F06806A3-6441-4998-9493-3502356CB338}
	EndGlobalSection
EndGlobal
