
Microsoft Visual Studio Solution File, Format Version 12.00
# Visual Studio Version 17
VisualStudioVersion = 17.14.36603.0 d17.14
MinimumVisualStudioVersion = 10.0.40219.1
Project("{FAE04EC0-301F-11D3-BF4B-00C04F79EFBC}") = "MinimalApiApp", "MinimalApiApp.csproj", "{7CCE8196-2129-4D17-8D7A-B6A0F93DE068}"
EndProject
Global
	GlobalSection(SolutionConfigurationPlatforms) = preSolution
		Debug|Any CPU = Debug|Any CPU
		Release|Any CPU = Release|Any CPU
	EndGlobalSection
	GlobalSection(ProjectConfigurationPlatforms) = postSolution
		{7CCE8196-2129-4D17-8D7A-B6A0F93DE068}.Debug|Any CPU.ActiveCfg = Debug|Any CPU
		{7CCE8196-2129-4D17-8D7A-B6A0F93DE068}.Debug|Any CPU.Build.0 = Debug|Any CPU
		{7CCE8196-2129-4D17-8D7A-B6A0F93DE068}.Release|Any CPU.ActiveCfg = Release|Any CPU
		{7CCE8196-2129-4D17-8D7A-B6A0F93DE068}.Release|Any CPU.Build.0 = Release|Any CPU
	EndGlobalSection
	GlobalSection(SolutionProperties) = preSolution
		HideSolutionNode = FALSE
	EndGlobalSection
	GlobalSection(ExtensibilityGlobals) = postSolution
		SolutionGuid = {8DD75AA6-26E6-41CA-8C00-596E60E0B34D}
	EndGlobalSection
EndGlobal
